// !$*UTF8*$!
{
	archiveVersion = 1;
	classes = {
	};
	objectVersion = 46;
	objects = {

/* Begin PBXBuildFile section */
		4D3E808AC3EC72CC2F3F6A72 /* Pods_Warikan.framework in Frameworks */ = {isa = PBXBuildFile; fileRef = 202A33F9634801CAC4B92F55 /* Pods_Warikan.framework */; };
		AB61299E1F7B843100996989 /* AppDelegate.swift in Sources */ = {isa = PBXBuildFile; fileRef = AB61299D1F7B843100996989 /* AppDelegate.swift */; };
		AB6129A01F7B843100996989 /* ViewController.swift in Sources */ = {isa = PBXBuildFile; fileRef = AB61299F1F7B843100996989 /* ViewController.swift */; };
		AB6129A31F7B843100996989 /* Main.storyboard in Resources */ = {isa = PBXBuildFile; fileRef = AB6129A11F7B843100996989 /* Main.storyboard */; };
		AB6129A51F7B843100996989 /* Assets.xcassets in Resources */ = {isa = PBXBuildFile; fileRef = AB6129A41F7B843100996989 /* Assets.xcassets */; };
		AB6129A81F7B843100996989 /* LaunchScreen.storyboard in Resources */ = {isa = PBXBuildFile; fileRef = AB6129A61F7B843100996989 /* LaunchScreen.storyboard */; };
		AB6129B41F83910B00996989 /* InputViewController.swift in Sources */ = {isa = PBXBuildFile; fileRef = AB6129B31F83910B00996989 /* InputViewController.swift */; };
		AB6129B61F839E6C00996989 /* DateModelPicker.swift in Sources */ = {isa = PBXBuildFile; fileRef = AB6129B51F839E6C00996989 /* DateModelPicker.swift */; };
		AB6129B81F83A07C00996989 /* DateModel.swift in Sources */ = {isa = PBXBuildFile; fileRef = AB6129B71F83A07C00996989 /* DateModel.swift */; };
		AB6129BA1F83A30700996989 /* Data.swift in Sources */ = {isa = PBXBuildFile; fileRef = AB6129B91F83A30700996989 /* Data.swift */; };
		AB6129BC1F84974400996989 /* NumberData.swift in Sources */ = {isa = PBXBuildFile; fileRef = AB6129BB1F84974400996989 /* NumberData.swift */; };
		AB6129BE1F8497B600996989 /* NumberDataModel.swift in Sources */ = {isa = PBXBuildFile; fileRef = AB6129BD1F8497B600996989 /* NumberDataModel.swift */; };
		AB6129C01F84987300996989 /* NumberModelPicker.swift in Sources */ = {isa = PBXBuildFile; fileRef = AB6129BF1F84987300996989 /* NumberModelPicker.swift */; };
		AB6129C41F84AA9A00996989 /* NotificationNameExtension.swift in Sources */ = {isa = PBXBuildFile; fileRef = AB6129C31F84AA9A00996989 /* NotificationNameExtension.swift */; };
		AB6129C61F8A9BFA00996989 /* File.swift in Sources */ = {isa = PBXBuildFile; fileRef = AB6129C51F8A9BF900996989 /* File.swift */; };
		AB938C3D1F8CB35500D117D2 /* middle.png in Resources */ = {isa = PBXBuildFile; fileRef = AB938C391F8CB35500D117D2 /* middle.png */; };
		AB938C3E1F8CB35500D117D2 /* people.png in Resources */ = {isa = PBXBuildFile; fileRef = AB938C3A1F8CB35500D117D2 /* people.png */; };
		AB938C3F1F8CB35500D117D2 /* low.png in Resources */ = {isa = PBXBuildFile; fileRef = AB938C3B1F8CB35500D117D2 /* low.png */; };
		AB938C401F8CB35500D117D2 /* high.png in Resources */ = {isa = PBXBuildFile; fileRef = AB938C3C1F8CB35500D117D2 /* high.png */; };
		AB938C421F8CB49500D117D2 /* money.png in Resources */ = {isa = PBXBuildFile; fileRef = AB938C411F8CB49500D117D2 /* money.png */; };
		AB938C5B1F8CBBB100D117D2 /* Icon-App-20x20@1x.png in Resources */ = {isa = PBXBuildFile; fileRef = AB938C441F8CBBB100D117D2 /* Icon-App-20x20@1x.png */; };
		AB938C5C1F8CBBB100D117D2 /* Icon-App-20x20@2x.png in Resources */ = {isa = PBXBuildFile; fileRef = AB938C451F8CBBB100D117D2 /* Icon-App-20x20@2x.png */; };
		AB938C5D1F8CBBB100D117D2 /* Icon-App-20x20@3x.png in Resources */ = {isa = PBXBuildFile; fileRef = AB938C461F8CBBB100D117D2 /* Icon-App-20x20@3x.png */; };
		AB938C5E1F8CBBB100D117D2 /* Icon-App-29x29@1x.png in Resources */ = {isa = PBXBuildFile; fileRef = AB938C471F8CBBB100D117D2 /* Icon-App-29x29@1x.png */; };
		AB938C5F1F8CBBB100D117D2 /* Icon-App-29x29@2x.png in Resources */ = {isa = PBXBuildFile; fileRef = AB938C481F8CBBB100D117D2 /* Icon-App-29x29@2x.png */; };
		AB938C601F8CBBB100D117D2 /* Icon-App-29x29@3x.png in Resources */ = {isa = PBXBuildFile; fileRef = AB938C491F8CBBB100D117D2 /* Icon-App-29x29@3x.png */; };
		AB938C611F8CBBB100D117D2 /* Icon-App-40x40@1x.png in Resources */ = {isa = PBXBuildFile; fileRef = AB938C4A1F8CBBB100D117D2 /* Icon-App-40x40@1x.png */; };
		AB938C621F8CBBB100D117D2 /* Icon-App-40x40@2x.png in Resources */ = {isa = PBXBuildFile; fileRef = AB938C4B1F8CBBB100D117D2 /* Icon-App-40x40@2x.png */; };
		AB938C631F8CBBB100D117D2 /* Icon-App-40x40@3x.png in Resources */ = {isa = PBXBuildFile; fileRef = AB938C4C1F8CBBB100D117D2 /* Icon-App-40x40@3x.png */; };
		AB938C641F8CBBB100D117D2 /* Icon-App-57x57@1x.png in Resources */ = {isa = PBXBuildFile; fileRef = AB938C4D1F8CBBB100D117D2 /* Icon-App-57x57@1x.png */; };
		AB938C651F8CBBB100D117D2 /* Icon-App-57x57@2x.png in Resources */ = {isa = PBXBuildFile; fileRef = AB938C4E1F8CBBB100D117D2 /* Icon-App-57x57@2x.png */; };
		AB938C661F8CBBB100D117D2 /* Icon-App-60x60@1x.png in Resources */ = {isa = PBXBuildFile; fileRef = AB938C4F1F8CBBB100D117D2 /* Icon-App-60x60@1x.png */; };
		AB938C671F8CBBB100D117D2 /* Icon-App-60x60@2x.png in Resources */ = {isa = PBXBuildFile; fileRef = AB938C501F8CBBB100D117D2 /* Icon-App-60x60@2x.png */; };
		AB938C681F8CBBB100D117D2 /* Icon-App-60x60@3x.png in Resources */ = {isa = PBXBuildFile; fileRef = AB938C511F8CBBB100D117D2 /* Icon-App-60x60@3x.png */; };
		AB938C691F8CBBB100D117D2 /* Icon-App-72x72@1x.png in Resources */ = {isa = PBXBuildFile; fileRef = AB938C521F8CBBB100D117D2 /* Icon-App-72x72@1x.png */; };
		AB938C6A1F8CBBB100D117D2 /* Icon-App-72x72@2x.png in Resources */ = {isa = PBXBuildFile; fileRef = AB938C531F8CBBB100D117D2 /* Icon-App-72x72@2x.png */; };
		AB938C6B1F8CBBB100D117D2 /* Icon-App-76x76@1x.png in Resources */ = {isa = PBXBuildFile; fileRef = AB938C541F8CBBB100D117D2 /* Icon-App-76x76@1x.png */; };
		AB938C6C1F8CBBB100D117D2 /* Icon-App-76x76@2x.png in Resources */ = {isa = PBXBuildFile; fileRef = AB938C551F8CBBB100D117D2 /* Icon-App-76x76@2x.png */; };
		AB938C6D1F8CBBB100D117D2 /* Icon-App-76x76@3x.png in Resources */ = {isa = PBXBuildFile; fileRef = AB938C561F8CBBB100D117D2 /* Icon-App-76x76@3x.png */; };
		AB938C6E1F8CBBB100D117D2 /* Icon-App-83.5x83.5@2x.png in Resources */ = {isa = PBXBuildFile; fileRef = AB938C571F8CBBB100D117D2 /* Icon-App-83.5x83.5@2x.png */; };
		AB938C6F1F8CBBB100D117D2 /* Icon-Small-50x50@1x.png in Resources */ = {isa = PBXBuildFile; fileRef = AB938C581F8CBBB100D117D2 /* Icon-Small-50x50@1x.png */; };
		AB938C701F8CBBB100D117D2 /* Icon-Small-50x50@2x.png in Resources */ = {isa = PBXBuildFile; fileRef = AB938C591F8CBBB100D117D2 /* Icon-Small-50x50@2x.png */; };
		AB938C711F8CBBB100D117D2 /* ItunesArtwork@2x.png in Resources */ = {isa = PBXBuildFile; fileRef = AB938C5A1F8CBBB100D117D2 /* ItunesArtwork@2x.png */; };
		AB938C731F8CD0E100D117D2 /* total.png in Resources */ = {isa = PBXBuildFile; fileRef = AB938C721F8CD0E100D117D2 /* total.png */; };
		AB938C751F8CD0E400D117D2 /* remain.png in Resources */ = {isa = PBXBuildFile; fileRef = AB938C741F8CD0E400D117D2 /* remain.png */; };
/* End PBXBuildFile section */

/* Begin PBXFileReference section */
		202A33F9634801CAC4B92F55 /* Pods_Warikan.framework */ = {isa = PBXFileReference; explicitFileType = wrapper.framework; includeInIndex = 0; path = Pods_Warikan.framework; sourceTree = BUILT_PRODUCTS_DIR; };
		7AA00424A8A50F599AF5F643 /* Pods-Warikan.release.xcconfig */ = {isa = PBXFileReference; includeInIndex = 1; lastKnownFileType = text.xcconfig; name = "Pods-Warikan.release.xcconfig"; path = "Pods/Target Support Files/Pods-Warikan/Pods-Warikan.release.xcconfig"; sourceTree = "<group>"; };
		8EFE4C2A77BF48DC1DE37163 /* Pods-Warikan.debug.xcconfig */ = {isa = PBXFileReference; includeInIndex = 1; lastKnownFileType = text.xcconfig; name = "Pods-Warikan.debug.xcconfig"; path = "Pods/Target Support Files/Pods-Warikan/Pods-Warikan.debug.xcconfig"; sourceTree = "<group>"; };
		AB61299A1F7B843100996989 /* Warikan.app */ = {isa = PBXFileReference; explicitFileType = wrapper.application; includeInIndex = 0; path = Warikan.app; sourceTree = BUILT_PRODUCTS_DIR; };
		AB61299D1F7B843100996989 /* AppDelegate.swift */ = {isa = PBXFileReference; lastKnownFileType = sourcecode.swift; path = AppDelegate.swift; sourceTree = "<group>"; };
		AB61299F1F7B843100996989 /* ViewController.swift */ = {isa = PBXFileReference; lastKnownFileType = sourcecode.swift; path = ViewController.swift; sourceTree = "<group>"; };
		AB6129A21F7B843100996989 /* Base */ = {isa = PBXFileReference; lastKnownFileType = file.storyboard; name = Base; path = Base.lproj/Main.storyboard; sourceTree = "<group>"; };
		AB6129A41F7B843100996989 /* Assets.xcassets */ = {isa = PBXFileReference; lastKnownFileType = folder.assetcatalog; path = Assets.xcassets; sourceTree = "<group>"; };
		AB6129A71F7B843100996989 /* Base */ = {isa = PBXFileReference; lastKnownFileType = file.storyboard; name = Base; path = Base.lproj/LaunchScreen.storyboard; sourceTree = "<group>"; };
		AB6129A91F7B843100996989 /* Info.plist */ = {isa = PBXFileReference; lastKnownFileType = text.plist.xml; path = Info.plist; sourceTree = "<group>"; };
		AB6129B31F83910B00996989 /* InputViewController.swift */ = {isa = PBXFileReference; fileEncoding = 4; lastKnownFileType = sourcecode.swift; path = InputViewController.swift; sourceTree = "<group>"; };
		AB6129B51F839E6C00996989 /* DateModelPicker.swift */ = {isa = PBXFileReference; fileEncoding = 4; lastKnownFileType = sourcecode.swift; path = DateModelPicker.swift; sourceTree = "<group>"; };
		AB6129B71F83A07C00996989 /* DateModel.swift */ = {isa = PBXFileReference; fileEncoding = 4; lastKnownFileType = sourcecode.swift; path = DateModel.swift; sourceTree = "<group>"; };
		AB6129B91F83A30700996989 /* Data.swift */ = {isa = PBXFileReference; fileEncoding = 4; lastKnownFileType = sourcecode.swift; path = Data.swift; sourceTree = "<group>"; };
		AB6129BB1F84974400996989 /* NumberData.swift */ = {isa = PBXFileReference; fileEncoding = 4; lastKnownFileType = sourcecode.swift; path = NumberData.swift; sourceTree = "<group>"; };
		AB6129BD1F8497B600996989 /* NumberDataModel.swift */ = {isa = PBXFileReference; fileEncoding = 4; lastKnownFileType = sourcecode.swift; path = NumberDataModel.swift; sourceTree = "<group>"; };
		AB6129BF1F84987300996989 /* NumberModelPicker.swift */ = {isa = PBXFileReference; fileEncoding = 4; lastKnownFileType = sourcecode.swift; path = NumberModelPicker.swift; sourceTree = "<group>"; };
		AB6129C31F84AA9A00996989 /* NotificationNameExtension.swift */ = {isa = PBXFileReference; fileEncoding = 4; lastKnownFileType = sourcecode.swift; path = NotificationNameExtension.swift; sourceTree = "<group>"; };
		AB6129C51F8A9BF900996989 /* File.swift */ = {isa = PBXFileReference; fileEncoding = 4; lastKnownFileType = sourcecode.swift; path = File.swift; sourceTree = "<group>"; };
		AB938C391F8CB35500D117D2 /* middle.png */ = {isa = PBXFileReference; lastKnownFileType = image.png; path = middle.png; sourceTree = "<group>"; };
		AB938C3A1F8CB35500D117D2 /* people.png */ = {isa = PBXFileReference; lastKnownFileType = image.png; path = people.png; sourceTree = "<group>"; };
		AB938C3B1F8CB35500D117D2 /* low.png */ = {isa = PBXFileReference; lastKnownFileType = image.png; path = low.png; sourceTree = "<group>"; };
		AB938C3C1F8CB35500D117D2 /* high.png */ = {isa = PBXFileReference; lastKnownFileType = image.png; path = high.png; sourceTree = "<group>"; };
		AB938C411F8CB49500D117D2 /* money.png */ = {isa = PBXFileReference; lastKnownFileType = image.png; path = money.png; sourceTree = "<group>"; };
		AB938C441F8CBBB100D117D2 /* Icon-App-20x20@1x.png */ = {isa = PBXFileReference; lastKnownFileType = image.png; path = "Icon-App-20x20@1x.png"; sourceTree = "<group>"; };
		AB938C451F8CBBB100D117D2 /* Icon-App-20x20@2x.png */ = {isa = PBXFileReference; lastKnownFileType = image.png; path = "Icon-App-20x20@2x.png"; sourceTree = "<group>"; };
		AB938C461F8CBBB100D117D2 /* Icon-App-20x20@3x.png */ = {isa = PBXFileReference; lastKnownFileType = image.png; path = "Icon-App-20x20@3x.png"; sourceTree = "<group>"; };
		AB938C471F8CBBB100D117D2 /* Icon-App-29x29@1x.png */ = {isa = PBXFileReference; lastKnownFileType = image.png; path = "Icon-App-29x29@1x.png"; sourceTree = "<group>"; };
		AB938C481F8CBBB100D117D2 /* Icon-App-29x29@2x.png */ = {isa = PBXFileReference; lastKnownFileType = image.png; path = "Icon-App-29x29@2x.png"; sourceTree = "<group>"; };
		AB938C491F8CBBB100D117D2 /* Icon-App-29x29@3x.png */ = {isa = PBXFileReference; lastKnownFileType = image.png; path = "Icon-App-29x29@3x.png"; sourceTree = "<group>"; };
		AB938C4A1F8CBBB100D117D2 /* Icon-App-40x40@1x.png */ = {isa = PBXFileReference; lastKnownFileType = image.png; path = "Icon-App-40x40@1x.png"; sourceTree = "<group>"; };
		AB938C4B1F8CBBB100D117D2 /* Icon-App-40x40@2x.png */ = {isa = PBXFileReference; lastKnownFileType = image.png; path = "Icon-App-40x40@2x.png"; sourceTree = "<group>"; };
		AB938C4C1F8CBBB100D117D2 /* Icon-App-40x40@3x.png */ = {isa = PBXFileReference; lastKnownFileType = image.png; path = "Icon-App-40x40@3x.png"; sourceTree = "<group>"; };
		AB938C4D1F8CBBB100D117D2 /* Icon-App-57x57@1x.png */ = {isa = PBXFileReference; lastKnownFileType = image.png; path = "Icon-App-57x57@1x.png"; sourceTree = "<group>"; };
		AB938C4E1F8CBBB100D117D2 /* Icon-App-57x57@2x.png */ = {isa = PBXFileReference; lastKnownFileType = image.png; path = "Icon-App-57x57@2x.png"; sourceTree = "<group>"; };
		AB938C4F1F8CBBB100D117D2 /* Icon-App-60x60@1x.png */ = {isa = PBXFileReference; lastKnownFileType = image.png; path = "Icon-App-60x60@1x.png"; sourceTree = "<group>"; };
		AB938C501F8CBBB100D117D2 /* Icon-App-60x60@2x.png */ = {isa = PBXFileReference; lastKnownFileType = image.png; path = "Icon-App-60x60@2x.png"; sourceTree = "<group>"; };
		AB938C511F8CBBB100D117D2 /* Icon-App-60x60@3x.png */ = {isa = PBXFileReference; lastKnownFileType = image.png; path = "Icon-App-60x60@3x.png"; sourceTree = "<group>"; };
		AB938C521F8CBBB100D117D2 /* Icon-App-72x72@1x.png */ = {isa = PBXFileReference; lastKnownFileType = image.png; path = "Icon-App-72x72@1x.png"; sourceTree = "<group>"; };
		AB938C531F8CBBB100D117D2 /* Icon-App-72x72@2x.png */ = {isa = PBXFileReference; lastKnownFileType = image.png; path = "Icon-App-72x72@2x.png"; sourceTree = "<group>"; };
		AB938C541F8CBBB100D117D2 /* Icon-App-76x76@1x.png */ = {isa = PBXFileReference; lastKnownFileType = image.png; path = "Icon-App-76x76@1x.png"; sourceTree = "<group>"; };
		AB938C551F8CBBB100D117D2 /* Icon-App-76x76@2x.png */ = {isa = PBXFileReference; lastKnownFileType = image.png; path = "Icon-App-76x76@2x.png"; sourceTree = "<group>"; };
		AB938C561F8CBBB100D117D2 /* Icon-App-76x76@3x.png */ = {isa = PBXFileReference; lastKnownFileType = image.png; path = "Icon-App-76x76@3x.png"; sourceTree = "<group>"; };
		AB938C571F8CBBB100D117D2 /* Icon-App-83.5x83.5@2x.png */ = {isa = PBXFileReference; lastKnownFileType = image.png; path = "Icon-App-83.5x83.5@2x.png"; sourceTree = "<group>"; };
		AB938C581F8CBBB100D117D2 /* Icon-Small-50x50@1x.png */ = {isa = PBXFileReference; lastKnownFileType = image.png; path = "Icon-Small-50x50@1x.png"; sourceTree = "<group>"; };
		AB938C591F8CBBB100D117D2 /* Icon-Small-50x50@2x.png */ = {isa = PBXFileReference; lastKnownFileType = image.png; path = "Icon-Small-50x50@2x.png"; sourceTree = "<group>"; };
		AB938C5A1F8CBBB100D117D2 /* ItunesArtwork@2x.png */ = {isa = PBXFileReference; lastKnownFileType = image.png; path = "ItunesArtwork@2x.png"; sourceTree = "<group>"; };
		AB938C721F8CD0E100D117D2 /* total.png */ = {isa = PBXFileReference; lastKnownFileType = image.png; path = total.png; sourceTree = "<group>"; };
		AB938C741F8CD0E400D117D2 /* remain.png */ = {isa = PBXFileReference; lastKnownFileType = image.png; path = remain.png; sourceTree = "<group>"; };
/* End PBXFileReference section */

/* Begin PBXFrameworksBuildPhase section */
		AB6129971F7B843100996989 /* Frameworks */ = {
			isa = PBXFrameworksBuildPhase;
			buildActionMask = 2147483647;
			files = (
				4D3E808AC3EC72CC2F3F6A72 /* Pods_Warikan.framework in Frameworks */,
			);
			runOnlyForDeploymentPostprocessing = 0;
		};
/* End PBXFrameworksBuildPhase section */

/* Begin PBXGroup section */
		2A6BE1CDE3E792A997DE2D2E /* Pods */ = {
			isa = PBXGroup;
			children = (
				8EFE4C2A77BF48DC1DE37163 /* Pods-Warikan.debug.xcconfig */,
				7AA00424A8A50F599AF5F643 /* Pods-Warikan.release.xcconfig */,
			);
			name = Pods;
			sourceTree = "<group>";
		};
		460F257C1F467129CF1C2F6F /* Frameworks */ = {
			isa = PBXGroup;
			children = (
				202A33F9634801CAC4B92F55 /* Pods_Warikan.framework */,
			);
			name = Frameworks;
			sourceTree = "<group>";
		};
		AB6129911F7B843100996989 = {
			isa = PBXGroup;
			children = (
				AB6129C51F8A9BF900996989 /* File.swift */,
				AB61299C1F7B843100996989 /* Warikan */,
				AB61299B1F7B843100996989 /* Products */,
				2A6BE1CDE3E792A997DE2D2E /* Pods */,
				460F257C1F467129CF1C2F6F /* Frameworks */,
			);
			sourceTree = "<group>";
		};
		AB61299B1F7B843100996989 /* Products */ = {
			isa = PBXGroup;
			children = (
				AB61299A1F7B843100996989 /* Warikan.app */,
			);
			name = Products;
			sourceTree = "<group>";
		};
		AB61299C1F7B843100996989 /* Warikan */ = {
			isa = PBXGroup;
			children = (
				AB938C431F8CBB8600D117D2 /* icon */,
				AB938C411F8CB49500D117D2 /* money.png */,
				AB938C721F8CD0E100D117D2 /* total.png */,
				AB938C391F8CB35500D117D2 /* middle.png */,
				AB938C3A1F8CB35500D117D2 /* people.png */,
				AB938C741F8CD0E400D117D2 /* remain.png */,
				AB938C3B1F8CB35500D117D2 /* low.png */,
				AB938C3C1F8CB35500D117D2 /* high.png */,
				AB61299D1F7B843100996989 /* AppDelegate.swift */,
				AB61299F1F7B843100996989 /* ViewController.swift */,
				AB6129B31F83910B00996989 /* InputViewController.swift */,
				AB6129A11F7B843100996989 /* Main.storyboard */,
				AB6129A41F7B843100996989 /* Assets.xcassets */,
				AB6129A61F7B843100996989 /* LaunchScreen.storyboard */,
				AB6129A91F7B843100996989 /* Info.plist */,
				AB6129B51F839E6C00996989 /* DateModelPicker.swift */,
				AB6129B71F83A07C00996989 /* DateModel.swift */,
				AB6129B91F83A30700996989 /* Data.swift */,
				AB6129BB1F84974400996989 /* NumberData.swift */,
				AB6129BD1F8497B600996989 /* NumberDataModel.swift */,
				AB6129BF1F84987300996989 /* NumberModelPicker.swift */,
				AB6129C31F84AA9A00996989 /* NotificationNameExtension.swift */,
			);
			path = Warikan;
			sourceTree = "<group>";
		};
		AB938C431F8CBB8600D117D2 /* icon */ = {
			isa = PBXGroup;
			children = (
				AB938C441F8CBBB100D117D2 /* Icon-App-20x20@1x.png */,
				AB938C451F8CBBB100D117D2 /* Icon-App-20x20@2x.png */,
				AB938C461F8CBBB100D117D2 /* Icon-App-20x20@3x.png */,
				AB938C471F8CBBB100D117D2 /* Icon-App-29x29@1x.png */,
				AB938C481F8CBBB100D117D2 /* Icon-App-29x29@2x.png */,
				AB938C491F8CBBB100D117D2 /* Icon-App-29x29@3x.png */,
				AB938C4A1F8CBBB100D117D2 /* Icon-App-40x40@1x.png */,
				AB938C4B1F8CBBB100D117D2 /* Icon-App-40x40@2x.png */,
				AB938C4C1F8CBBB100D117D2 /* Icon-App-40x40@3x.png */,
				AB938C4D1F8CBBB100D117D2 /* Icon-App-57x57@1x.png */,
				AB938C4E1F8CBBB100D117D2 /* Icon-App-57x57@2x.png */,
				AB938C4F1F8CBBB100D117D2 /* Icon-App-60x60@1x.png */,
				AB938C501F8CBBB100D117D2 /* Icon-App-60x60@2x.png */,
				AB938C511F8CBBB100D117D2 /* Icon-App-60x60@3x.png */,
				AB938C521F8CBBB100D117D2 /* Icon-App-72x72@1x.png */,
				AB938C531F8CBBB100D117D2 /* Icon-App-72x72@2x.png */,
				AB938C541F8CBBB100D117D2 /* Icon-App-76x76@1x.png */,
				AB938C551F8CBBB100D117D2 /* Icon-App-76x76@2x.png */,
				AB938C561F8CBBB100D117D2 /* Icon-App-76x76@3x.png */,
				AB938C571F8CBBB100D117D2 /* Icon-App-83.5x83.5@2x.png */,
				AB938C581F8CBBB100D117D2 /* Icon-Small-50x50@1x.png */,
				AB938C591F8CBBB100D117D2 /* Icon-Small-50x50@2x.png */,
				AB938C5A1F8CBBB100D117D2 /* ItunesArtwork@2x.png */,
			);
			name = icon;
			sourceTree = "<group>";
		};
/* End PBXGroup section */

/* Begin PBXNativeTarget section */
		AB6129991F7B843100996989 /* Warikan */ = {
			isa = PBXNativeTarget;
			buildConfigurationList = AB6129AC1F7B843100996989 /* Build configuration list for PBXNativeTarget "Warikan" */;
			buildPhases = (
				1623DDD9006EA5F9599E9C67 /* [CP] Check Pods Manifest.lock */,
				AB6129961F7B843100996989 /* Sources */,
				AB6129971F7B843100996989 /* Frameworks */,
				AB6129981F7B843100996989 /* Resources */,
				75292AA715B99B3F38AE54E9 /* [CP] Embed Pods Frameworks */,
				31788D747DF1752DE8A2F1F9 /* [CP] Copy Pods Resources */,
			);
			buildRules = (
			);
			dependencies = (
			);
			name = Warikan;
			productName = Warikan;
			productReference = AB61299A1F7B843100996989 /* Warikan.app */;
			productType = "com.apple.product-type.application";
		};
/* End PBXNativeTarget section */

/* Begin PBXProject section */
		AB6129921F7B843100996989 /* Project object */ = {
			isa = PBXProject;
			attributes = {
				LastSwiftUpdateCheck = 0830;
				LastUpgradeCheck = 0830;
				ORGANIZATIONNAME = nttr;
				TargetAttributes = {
					AB6129991F7B843100996989 = {
						CreatedOnToolsVersion = 8.3.3;
						DevelopmentTeam = QT87FHEGZN;
						ProvisioningStyle = Automatic;
					};
				};
			};
			buildConfigurationList = AB6129951F7B843100996989 /* Build configuration list for PBXProject "Warikan" */;
			compatibilityVersion = "Xcode 3.2";
			developmentRegion = English;
			hasScannedForEncodings = 0;
			knownRegions = (
				en,
				Base,
			);
			mainGroup = AB6129911F7B843100996989;
			productRefGroup = AB61299B1F7B843100996989 /* Products */;
			projectDirPath = "";
			projectRoot = "";
			targets = (
				AB6129991F7B843100996989 /* Warikan */,
			);
		};
/* End PBXProject section */

/* Begin PBXResourcesBuildPhase section */
		AB6129981F7B843100996989 /* Resources */ = {
			isa = PBXResourcesBuildPhase;
			buildActionMask = 2147483647;
			files = (
				AB938C731F8CD0E100D117D2 /* total.png in Resources */,
				AB938C611F8CBBB100D117D2 /* Icon-App-40x40@1x.png in Resources */,
				AB938C6F1F8CBBB100D117D2 /* Icon-Small-50x50@1x.png in Resources */,
				AB938C661F8CBBB100D117D2 /* Icon-App-60x60@1x.png in Resources */,
				AB938C3F1F8CB35500D117D2 /* low.png in Resources */,
				AB938C671F8CBBB100D117D2 /* Icon-App-60x60@2x.png in Resources */,
				AB938C401F8CB35500D117D2 /* high.png in Resources */,
				AB938C681F8CBBB100D117D2 /* Icon-App-60x60@3x.png in Resources */,
				AB938C3D1F8CB35500D117D2 /* middle.png in Resources */,
				AB938C6B1F8CBBB100D117D2 /* Icon-App-76x76@1x.png in Resources */,
				AB6129A81F7B843100996989 /* LaunchScreen.storyboard in Resources */,
				AB938C421F8CB49500D117D2 /* money.png in Resources */,
				AB938C621F8CBBB100D117D2 /* Icon-App-40x40@2x.png in Resources */,
				AB938C6D1F8CBBB100D117D2 /* Icon-App-76x76@3x.png in Resources */,
				AB938C5B1F8CBBB100D117D2 /* Icon-App-20x20@1x.png in Resources */,
				AB6129A51F7B843100996989 /* Assets.xcassets in Resources */,
				AB938C5D1F8CBBB100D117D2 /* Icon-App-20x20@3x.png in Resources */,
				AB938C5F1F8CBBB100D117D2 /* Icon-App-29x29@2x.png in Resources */,
				AB938C641F8CBBB100D117D2 /* Icon-App-57x57@1x.png in Resources */,
				AB938C711F8CBBB100D117D2 /* ItunesArtwork@2x.png in Resources */,
				AB938C691F8CBBB100D117D2 /* Icon-App-72x72@1x.png in Resources */,
				AB938C6A1F8CBBB100D117D2 /* Icon-App-72x72@2x.png in Resources */,
				AB938C601F8CBBB100D117D2 /* Icon-App-29x29@3x.png in Resources */,
				AB938C651F8CBBB100D117D2 /* Icon-App-57x57@2x.png in Resources */,
				AB6129A31F7B843100996989 /* Main.storyboard in Resources */,
				AB938C6E1F8CBBB100D117D2 /* Icon-App-83.5x83.5@2x.png in Resources */,
				AB938C631F8CBBB100D117D2 /* Icon-App-40x40@3x.png in Resources */,
				AB938C5C1F8CBBB100D117D2 /* Icon-App-20x20@2x.png in Resources */,
				AB938C701F8CBBB100D117D2 /* Icon-Small-50x50@2x.png in Resources */,
				AB938C3E1F8CB35500D117D2 /* people.png in Resources */,
				AB938C6C1F8CBBB100D117D2 /* Icon-App-76x76@2x.png in Resources */,
				AB938C5E1F8CBBB100D117D2 /* Icon-App-29x29@1x.png in Resources */,
				AB938C751F8CD0E400D117D2 /* remain.png in Resources */,
			);
			runOnlyForDeploymentPostprocessing = 0;
		};
/* End PBXResourcesBuildPhase section */

/* Begin PBXShellScriptBuildPhase section */
		1623DDD9006EA5F9599E9C67 /* [CP] Check Pods Manifest.lock */ = {
			isa = PBXShellScriptBuildPhase;
			buildActionMask = 2147483647;
			files = (
			);
			inputPaths = (
			);
			name = "[CP] Check Pods Manifest.lock";
			outputPaths = (
			);
			runOnlyForDeploymentPostprocessing = 0;
			shellPath = /bin/sh;
			shellScript = "diff \"${PODS_PODFILE_DIR_PATH}/Podfile.lock\" \"${PODS_ROOT}/Manifest.lock\" > /dev/null\nif [ $? != 0 ] ; then\n    # print error to STDERR\n    echo \"error: The sandbox is not in sync with the Podfile.lock. Run 'pod install' or update your CocoaPods installation.\" >&2\n    exit 1\nfi\n";
			showEnvVarsInLog = 0;
		};
		31788D747DF1752DE8A2F1F9 /* [CP] Copy Pods Resources */ = {
			isa = PBXShellScriptBuildPhase;
			buildActionMask = 2147483647;
			files = (
			);
			inputPaths = (
			);
			name = "[CP] Copy Pods Resources";
			outputPaths = (
			);
			runOnlyForDeploymentPostprocessing = 0;
			shellPath = /bin/sh;
			shellScript = "\"${SRCROOT}/Pods/Target Support Files/Pods-Warikan/Pods-Warikan-resources.sh\"\n";
			showEnvVarsInLog = 0;
		};
		75292AA715B99B3F38AE54E9 /* [CP] Embed Pods Frameworks */ = {
			isa = PBXShellScriptBuildPhase;
			buildActionMask = 2147483647;
			files = (
			);
			inputPaths = (
			);
			name = "[CP] Embed Pods Frameworks";
			outputPaths = (
			);
			runOnlyForDeploymentPostprocessing = 0;
			shellPath = /bin/sh;
			shellScript = "\"${SRCROOT}/Pods/Target Support Files/Pods-Warikan/Pods-Warikan-frameworks.sh\"\n";
			showEnvVarsInLog = 0;
		};
/* End PBXShellScriptBuildPhase section */

/* Begin PBXSourcesBuildPhase section */
		AB6129961F7B843100996989 /* Sources */ = {
			isa = PBXSourcesBuildPhase;
			buildActionMask = 2147483647;
			files = (
				AB6129C01F84987300996989 /* NumberModelPicker.swift in Sources */,
				AB6129BA1F83A30700996989 /* Data.swift in Sources */,
				AB6129C41F84AA9A00996989 /* NotificationNameExtension.swift in Sources */,
				AB6129A01F7B843100996989 /* ViewController.swift in Sources */,
				AB6129B61F839E6C00996989 /* DateModelPicker.swift in Sources */,
				AB6129BE1F8497B600996989 /* NumberDataModel.swift in Sources */,
				AB61299E1F7B843100996989 /* AppDelegate.swift in Sources */,
				AB6129B41F83910B00996989 /* InputViewController.swift in Sources */,
				AB6129BC1F84974400996989 /* NumberData.swift in Sources */,
				AB6129C61F8A9BFA00996989 /* File.swift in Sources */,
				AB6129B81F83A07C00996989 /* DateModel.swift in Sources */,
			);
			runOnlyForDeploymentPostprocessing = 0;
		};
/* End PBXSourcesBuildPhase section */

/* Begin PBXVariantGroup section */
		AB6129A11F7B843100996989 /* Main.storyboard */ = {
			isa = PBXVariantGroup;
			children = (
				AB6129A21F7B843100996989 /* Base */,
			);
			name = Main.storyboard;
			sourceTree = "<group>";
		};
		AB6129A61F7B843100996989 /* LaunchScreen.storyboard */ = {
			isa = PBXVariantGroup;
			children = (
				AB6129A71F7B843100996989 /* Base */,
			);
			name = LaunchScreen.storyboard;
			sourceTree = "<group>";
		};
/* End PBXVariantGroup section */

/* Begin XCBuildConfiguration section */
		AB6129AA1F7B843100996989 /* Debug */ = {
			isa = XCBuildConfiguration;
			buildSettings = {
				ALWAYS_SEARCH_USER_PATHS = NO;
				CLANG_ANALYZER_NONNULL = YES;
				CLANG_ANALYZER_NUMBER_OBJECT_CONVERSION = YES_AGGRESSIVE;
				CLANG_CXX_LANGUAGE_STANDARD = "gnu++0x";
				CLANG_CXX_LIBRARY = "libc++";
				CLANG_ENABLE_MODULES = YES;
				CLANG_ENABLE_OBJC_ARC = YES;
				CLANG_WARN_BOOL_CONVERSION = YES;
				CLANG_WARN_CONSTANT_CONVERSION = YES;
				CLANG_WARN_DIRECT_OBJC_ISA_USAGE = YES_ERROR;
				CLANG_WARN_DOCUMENTATION_COMMENTS = YES;
				CLANG_WARN_EMPTY_BODY = YES;
				CLANG_WARN_ENUM_CONVERSION = YES;
				CLANG_WARN_INFINITE_RECURSION = YES;
				CLANG_WARN_INT_CONVERSION = YES;
				CLANG_WARN_OBJC_ROOT_CLASS = YES_ERROR;
				CLANG_WARN_SUSPICIOUS_MOVE = YES;
				CLANG_WARN_UNREACHABLE_CODE = YES;
				CLANG_WARN__DUPLICATE_METHOD_MATCH = YES;
				"CODE_SIGN_IDENTITY[sdk=iphoneos*]" = "iPhone Developer";
				COPY_PHASE_STRIP = NO;
				DEBUG_INFORMATION_FORMAT = dwarf;
				ENABLE_STRICT_OBJC_MSGSEND = YES;
				ENABLE_TESTABILITY = YES;
				GCC_C_LANGUAGE_STANDARD = gnu99;
				GCC_DYNAMIC_NO_PIC = NO;
				GCC_NO_COMMON_BLOCKS = YES;
				GCC_OPTIMIZATION_LEVEL = 0;
				GCC_PREPROCESSOR_DEFINITIONS = (
					"DEBUG=1",
					"$(inherited)",
				);
				GCC_WARN_64_TO_32_BIT_CONVERSION = YES;
				GCC_WARN_ABOUT_RETURN_TYPE = YES_ERROR;
				GCC_WARN_UNDECLARED_SELECTOR = YES;
				GCC_WARN_UNINITIALIZED_AUTOS = YES_AGGRESSIVE;
				GCC_WARN_UNUSED_FUNCTION = YES;
				GCC_WARN_UNUSED_VARIABLE = YES;
				IPHONEOS_DEPLOYMENT_TARGET = 10.3;
				MTL_ENABLE_DEBUG_INFO = YES;
				ONLY_ACTIVE_ARCH = YES;
				SDKROOT = iphoneos;
				SWIFT_ACTIVE_COMPILATION_CONDITIONS = DEBUG;
				SWIFT_OPTIMIZATION_LEVEL = "-Onone";
			};
			name = Debug;
		};
		AB6129AB1F7B843100996989 /* Release */ = {
			isa = XCBuildConfiguration;
			buildSettings = {
				ALWAYS_SEARCH_USER_PATHS = NO;
				CLANG_ANALYZER_NONNULL = YES;
				CLANG_ANALYZER_NUMBER_OBJECT_CONVERSION = YES_AGGRESSIVE;
				CLANG_CXX_LANGUAGE_STANDARD = "gnu++0x";
				CLANG_CXX_LIBRARY = "libc++";
				CLANG_ENABLE_MODULES = YES;
				CLANG_ENABLE_OBJC_ARC = YES;
				CLANG_WARN_BOOL_CONVERSION = YES;
				CLANG_WARN_CONSTANT_CONVERSION = YES;
				CLANG_WARN_DIRECT_OBJC_ISA_USAGE = YES_ERROR;
				CLANG_WARN_DOCUMENTATION_COMMENTS = YES;
				CLANG_WARN_EMPTY_BODY = YES;
				CLANG_WARN_ENUM_CONVERSION = YES;
				CLANG_WARN_INFINITE_RECURSION = YES;
				CLANG_WARN_INT_CONVERSION = YES;
				CLANG_WARN_OBJC_ROOT_CLASS = YES_ERROR;
				CLANG_WARN_SUSPICIOUS_MOVE = YES;
				CLANG_WARN_UNREACHABLE_CODE = YES;
				CLANG_WARN__DUPLICATE_METHOD_MATCH = YES;
				"CODE_SIGN_IDENTITY[sdk=iphoneos*]" = "iPhone Developer";
				COPY_PHASE_STRIP = NO;
				DEBUG_INFORMATION_FORMAT = "dwarf-with-dsym";
				ENABLE_NS_ASSERTIONS = NO;
				ENABLE_STRICT_OBJC_MSGSEND = YES;
				GCC_C_LANGUAGE_STANDARD = gnu99;
				GCC_NO_COMMON_BLOCKS = YES;
				GCC_WARN_64_TO_32_BIT_CONVERSION = YES;
				GCC_WARN_ABOUT_RETURN_TYPE = YES_ERROR;
				GCC_WARN_UNDECLARED_SELECTOR = YES;
				GCC_WARN_UNINITIALIZED_AUTOS = YES_AGGRESSIVE;
				GCC_WARN_UNUSED_FUNCTION = YES;
				GCC_WARN_UNUSED_VARIABLE = YES;
				IPHONEOS_DEPLOYMENT_TARGET = 10.3;
				MTL_ENABLE_DEBUG_INFO = NO;
				SDKROOT = iphoneos;
				SWIFT_OPTIMIZATION_LEVEL = "-Owholemodule";
				VALIDATE_PRODUCT = YES;
			};
			name = Release;
		};
		AB6129AD1F7B843100996989 /* Debug */ = {
			isa = XCBuildConfiguration;
			baseConfigurationReference = 8EFE4C2A77BF48DC1DE37163 /* Pods-Warikan.debug.xcconfig */;
			buildSettings = {
				ASSETCATALOG_COMPILER_APPICON_NAME = AppIcon;
				DEVELOPMENT_TEAM = QT87FHEGZN;
				INFOPLIST_FILE = Warikan/Info.plist;
				LD_RUNPATH_SEARCH_PATHS = "$(inherited) @executable_path/Frameworks";
				PRODUCT_BUNDLE_IDENTIFIER = com.ikushima.Warikan;
				PRODUCT_NAME = "$(TARGET_NAME)";
				SWIFT_VERSION = 3.0;
			};
			name = Debug;
		};
		AB6129AE1F7B843100996989 /* Release */ = {
			isa = XCBuildConfiguration;
			baseConfigurationReference = 7AA00424A8A50F599AF5F643 /* Pods-Warikan.release.xcconfig */;
			buildSettings = {
				ASSETCATALOG_COMPILER_APPICON_NAME = AppIcon;
				CODE_SIGN_IDENTITY = "";
				"CODE_SIGN_IDENTITY[sdk=iphoneos*]" = "iPhone Developer";
				DEVELOPMENT_TEAM = QT87FHEGZN;
				INFOPLIST_FILE = Warikan/Info.plist;
				LD_RUNPATH_SEARCH_PATHS = "$(inherited) @executable_path/Frameworks";
				PRODUCT_BUNDLE_IDENTIFIER = com.ikushima.Warikan;
				PRODUCT_NAME = "$(TARGET_NAME)";
				SWIFT_VERSION = 3.0;
			};
			name = Release;
		};
/* End XCBuildConfiguration section */

/* Begin XCConfigurationList section */
		AB6129951F7B843100996989 /* Build configuration list for PBXProject "Warikan" */ = {
			isa = XCConfigurationList;
			buildConfigurations = (
				AB6129AA1F7B843100996989 /* Debug */,
				AB6129AB1F7B843100996989 /* Release */,
			);
			defaultConfigurationIsVisible = 0;
			defaultConfigurationName = Release;
		};
		AB6129AC1F7B843100996989 /* Build configuration list for PBXNativeTarget "Warikan" */ = {
			isa = XCConfigurationList;
			buildConfigurations = (
				AB6129AD1F7B843100996989 /* Debug */,
				AB6129AE1F7B843100996989 /* Release */,
			);
			defaultConfigurationIsVisible = 0;
			defaultConfigurationName = Release;
		};
/* End XCConfigurationList section */
	};
	rootObject = AB6129921F7B843100996989 /* Project object */;
}
